# This file is automatically @generated by Cargo.
# It is not intended for manual editing.
[[package]]
name = "board-game-traits"
version = "0.1.0"
source = "registry+https://github.com/rust-lang/crates.io-index"

[[package]]
name = "pgn-traits"
version = "0.1.0"
dependencies = [
 "board-game-traits 0.1.0 (registry+https://github.com/rust-lang/crates.io-index)",
]

[metadata]
"checksum board-game-traits 0.1.0 (registry+https://github.com/rust-lang/crates.io-index)" = "5cb754816c075082acb2dc2dcd311ade978c5ef9df46c623126046125d52be51"
