# This file is automatically @generated by Cargo.
# It is not intended for manual editing.
version = 3

[[package]]
name = "board-game-traits"
version = "0.4.0"
source = "registry+https://github.com/rust-lang/crates.io-index"
checksum = "e1d684e168b753f20bf1dff8ee54af14d132c5ed1d90e35cb0fe626391a6cb9a"

[[package]]
name = "pgn-traits"
version = "0.5.0"
dependencies = [
 "board-game-traits",
]
